{
  "nodes": {
    "nixpkgs": {
      "locked": {
        "lastModified": 1748248602,
        "narHash": "sha256-LanRAm0IRpL36KpCKSknEwkBFvTLc9mDHKeAmfTrHwg=",
        "owner": "NixOS",
        "repo": "nixpkgs",
        "rev": "ad331efcaf680eb1c838cb339472399ea7b3cdab",
        "type": "github"
      },
      "original": {
        "owner": "NixOS",
        "ref": "nixpkgs-unstable",
        "repo": "nixpkgs",
        "type": "github"
      }
    },
    "nuget-packageslock2nix": {
      "inputs": {
        "nixpkgs": [
          "nixpkgs"
        ]
      },
      "locked": {
        "lastModified": 1748369279,
        "narHash": "sha256-dT7MKV89wcELXXxotDWmgzd20Ddf5C+0CxTwsYOVDbc=",
        "owner": "mdarocha",
        "repo": "nuget-packageslock2nix",
        "rev": "e99cc0d3a2fff6616b5938f88accfe75519d2fa8",
        "type": "github"
      },
      "original": {
        "owner": "mdarocha",
        "repo": "nuget-packageslock2nix",
        "type": "github"
      }
    },
    "root": {
      "inputs": {
        "nixpkgs": "nixpkgs",
        "nuget-packageslock2nix": "nuget-packageslock2nix"
      }
    }
  },
  "root": "root",
  "version": 7
}
