{
  "version": 1,
  "dependencies": {
    "net8.0": {
      "Autofac": {
        "type": "Direct",
        "requested": "[8.3.0, )",
        "resolved": "8.3.0",
        "contentHash": "0Bv8aSKuK4nQAiDKw3+pIv9hUhbPwS63ql9KhjR6DRgE14UNdXrMqO8YMI0PnffZPyCrMs85lNhZRI4eBgQO4w==",
        "dependencies": {
          "System.Diagnostics.DiagnosticSource": "8.0.1"
        }
      },
      "System.Diagnostics.DiagnosticSource": {
        "type": "Transitive",
        "resolved": "8.0.1",
        "contentHash": "vaoWjvkG1aenR2XdjaVivlCV9fADfgyhW5bZtXT23qaEea0lWiUljdQuze4E31vKM7ZWJaSUsbYIKE3rnzfZUg=="
      }
    }
  }
}