name: Update flake.lock

on:
  push:
    branches: [ "main" ]
    paths:
      - '.github/workflows/update-flake-lock.yml'
  schedule:
    - cron: '0 0 * * *' # runs daily at 00:00

permissions:
  contents: write
  pull-requests: write

jobs:
  lockfile:
    name: Update lockfile
    runs-on: ubuntu-latest
    steps:
      - uses: actions/checkout@8e8c483db84b4bee98b60c0593521ed34d9990e8 # v4
      
      - name: Install Nix
        uses: DeterminateSystems/nix-installer-action@c5a866b6ab867e88becbed4467b93592bce69f8a # v21
      
      - name: Update flake.lock
        id: update-flake-lock
        uses: DeterminateSystems/update-flake-lock@834c491b2ece4de0bbd00d85214bb5e83b4da5c6 # v28
        with:
          pr-title: "Update flake.lock"
          pr-labels: automated