name: Update flake.lock

on:
  push:
    branches: [ "main" ]
    paths:
      - '.github/workflows/update-flake-lock.yml'
  schedule:
    - cron: '0 0 * * *' # runs daily at 00:00

permissions:
  contents: write
  pull-requests: write

jobs:
  lockfile:
    name: Update lockfile
    runs-on: ubuntu-latest
    steps:
      - uses: actions/checkout@11bd71901bbe5b1630ceea73d27597364c9af683 # v4
      
      - name: Install Nix
        uses: DeterminateSystems/nix-installer-action@c723f3a885e3f1d866d91f4f0c33dd44b1fc7c60 # v18
      
      - name: Update flake.lock
        id: update-flake-lock
        uses: DeterminateSystems/update-flake-lock@428c2b58a4b7414dabd372acb6a03dba1084d3ab # v25
        with:
          pr-title: "Update flake.lock"
          pr-labels: automated